
Microsoft Visual Studio Solution File, Format Version 12.00
# Visual Studio Version 17
VisualStudioVersion = 17.8.34316.72
MinimumVisualStudioVersion = 10.0.40219.1
Project("{FAE04EC0-301F-11D3-BF4B-00C04F79EFBC}") = "oficinaAPI", "oficinaAPI\oficinaAPI.csproj", "{683CB89E-315D-400F-BD75-27A51383C5BA}"
EndProject
Global
	GlobalSection(SolutionConfigurationPlatforms) = preSolution
		Debug|Any CPU = Debug|Any CPU
		Release|Any CPU = Release|Any CPU
	EndGlobalSection
	GlobalSection(ProjectConfigurationPlatforms) = postSolution
		{683CB89E-315D-400F-BD75-27A51383C5BA}.Debug|Any CPU.ActiveCfg = Debug|Any CPU
		{683CB89E-315D-400F-BD75-27A51383C5BA}.Debug|Any CPU.Build.0 = Debug|Any CPU
		{683CB89E-315D-400F-BD75-27A51383C5BA}.Release|Any CPU.ActiveCfg = Release|Any CPU
		{683CB89E-315D-400F-BD75-27A51383C5BA}.Release|Any CPU.Build.0 = Release|Any CPU
	EndGlobalSection
	GlobalSection(SolutionProperties) = preSolution
		HideSolutionNode = FALSE
	EndGlobalSection
	GlobalSection(ExtensibilityGlobals) = postSolution
		SolutionGuid = {8DC1457A-0803-48C7-9D6E-C2D5075810DE}
	EndGlobalSection
EndGlobal
